// !$*UTF8*$!
{
	archiveVersion = 1;
	classes = {
	};
	objectVersion = 50;
	objects = {

/* Begin PBXBuildFile section */
		A149B9AD21AFA202009C23E9 /* AppDelegate.swift in Sources */ = {isa = PBXBuildFile; fileRef = A149B9AC21AFA202009C23E9 /* AppDelegate.swift */; };
		A149B9B221AFA202009C23E9 /* Main.storyboard in Resources */ = {isa = PBXBuildFile; fileRef = A149B9B021AFA202009C23E9 /* Main.storyboard */; };
		A149B9B421AFA20E009C23E9 /* Assets.xcassets in Resources */ = {isa = PBXBuildFile; fileRef = A149B9B321AFA20E009C23E9 /* Assets.xcassets */; };
		A149B9B721AFA20E009C23E9 /* LaunchScreen.storyboard in Resources */ = {isa = PBXBuildFile; fileRef = A149B9B521AFA20E009C23E9 /* LaunchScreen.storyboard */; };
		A149B9C421AFA42B009C23E9 /* Images.plist in Resources */ = {isa = PBXBuildFile; fileRef = A149B9C121AFA42B009C23E9 /* Images.plist */; };
		A149B9C521AFA42B009C23E9 /* Quotes.plist in Resources */ = {isa = PBXBuildFile; fileRef = A149B9C221AFA42B009C23E9 /* Quotes.plist */; };
		A149B9C621AFA42B009C23E9 /* Categories.plist in Resources */ = {isa = PBXBuildFile; fileRef = A149B9C321AFA42B009C23E9 /* Categories.plist */; };
		A149B9CC21AFA45A009C23E9 /* Image.swift in Sources */ = {isa = PBXBuildFile; fileRef = A149B9C821AFA459009C23E9 /* Image.swift */; };
		A149B9CD21AFA45A009C23E9 /* Quote.swift in Sources */ = {isa = PBXBuildFile; fileRef = A149B9C921AFA459009C23E9 /* Quote.swift */; };
		A149B9CE21AFA45A009C23E9 /* Category.swift in Sources */ = {isa = PBXBuildFile; fileRef = A149B9CA21AFA459009C23E9 /* Category.swift */; };
		A149B9CF21AFA45A009C23E9 /* DataRequest.swift in Sources */ = {isa = PBXBuildFile; fileRef = A149B9CB21AFA459009C23E9 /* DataRequest.swift */; };
		A1AD151621D17DCF00BD1FDF /* PhotoView.xib in Resources */ = {isa = PBXBuildFile; fileRef = A1AD151521D17DCF00BD1FDF /* PhotoView.xib */; };
		A1AD151821D1905900BD1FDF /* PhotoView.swift in Sources */ = {isa = PBXBuildFile; fileRef = A1AD151721D1905900BD1FDF /* PhotoView.swift */; };
		A1B3172B21D0508200311756 /* ImageSelectionViewController.swift in Sources */ = {isa = PBXBuildFile; fileRef = A1B3172A21D0508200311756 /* ImageSelectionViewController.swift */; };
		A1B3172D21D05C0500311756 /* ScaleTransitioningDelegate.swift in Sources */ = {isa = PBXBuildFile; fileRef = A1B3172C21D05C0500311756 /* ScaleTransitioningDelegate.swift */; };
		A1CF4B9121B86ADF00215CE0 /* OverviewCollectionViewController.swift in Sources */ = {isa = PBXBuildFile; fileRef = A1CF4B9021B86ADF00215CE0 /* OverviewCollectionViewController.swift */; };
		A1CF4B9321B871B200215CE0 /* CategoryCollectionViewCell.swift in Sources */ = {isa = PBXBuildFile; fileRef = A1CF4B9221B871B100215CE0 /* CategoryCollectionViewCell.swift */; };
		A1F77E0F21D211B600E1BB6A /* SendCardViewController.swift in Sources */ = {isa = PBXBuildFile; fileRef = A1F77E0E21D211B600E1BB6A /* SendCardViewController.swift */; };
/* End PBXBuildFile section */

/* Begin PBXFileReference section */
		A149B9A921AFA202009C23E9 /* Cardie.app */ = {isa = PBXFileReference; explicitFileType = wrapper.application; includeInIndex = 0; path = Cardie.app; sourceTree = BUILT_PRODUCTS_DIR; };
		A149B9AC21AFA202009C23E9 /* AppDelegate.swift */ = {isa = PBXFileReference; lastKnownFileType = sourcecode.swift; path = AppDelegate.swift; sourceTree = "<group>"; };
		A149B9B121AFA202009C23E9 /* Base */ = {isa = PBXFileReference; lastKnownFileType = file.storyboard; name = Base; path = Base.lproj/Main.storyboard; sourceTree = "<group>"; };
		A149B9B321AFA20E009C23E9 /* Assets.xcassets */ = {isa = PBXFileReference; lastKnownFileType = folder.assetcatalog; path = Assets.xcassets; sourceTree = "<group>"; };
		A149B9B621AFA20E009C23E9 /* Base */ = {isa = PBXFileReference; lastKnownFileType = file.storyboard; name = Base; path = Base.lproj/LaunchScreen.storyboard; sourceTree = "<group>"; };
		A149B9B821AFA20E009C23E9 /* Info.plist */ = {isa = PBXFileReference; lastKnownFileType = text.plist.xml; path = Info.plist; sourceTree = "<group>"; };
		A149B9C121AFA42B009C23E9 /* Images.plist */ = {isa = PBXFileReference; fileEncoding = 4; lastKnownFileType = text.plist.xml; path = Images.plist; sourceTree = "<group>"; };
		A149B9C221AFA42B009C23E9 /* Quotes.plist */ = {isa = PBXFileReference; fileEncoding = 4; lastKnownFileType = text.plist.xml; path = Quotes.plist; sourceTree = "<group>"; };
		A149B9C321AFA42B009C23E9 /* Categories.plist */ = {isa = PBXFileReference; fileEncoding = 4; lastKnownFileType = text.plist.xml; path = Categories.plist; sourceTree = "<group>"; };
		A149B9C821AFA459009C23E9 /* Image.swift */ = {isa = PBXFileReference; fileEncoding = 4; lastKnownFileType = sourcecode.swift; path = Image.swift; sourceTree = "<group>"; };
		A149B9C921AFA459009C23E9 /* Quote.swift */ = {isa = PBXFileReference; fileEncoding = 4; lastKnownFileType = sourcecode.swift; path = Quote.swift; sourceTree = "<group>"; };
		A149B9CA21AFA459009C23E9 /* Category.swift */ = {isa = PBXFileReference; fileEncoding = 4; lastKnownFileType = sourcecode.swift; path = Category.swift; sourceTree = "<group>"; };
		A149B9CB21AFA459009C23E9 /* DataRequest.swift */ = {isa = PBXFileReference; fileEncoding = 4; lastKnownFileType = sourcecode.swift; path = DataRequest.swift; sourceTree = "<group>"; };
		A1AD151521D17DCF00BD1FDF /* PhotoView.xib */ = {isa = PBXFileReference; lastKnownFileType = file.xib; path = PhotoView.xib; sourceTree = "<group>"; };
		A1AD151721D1905900BD1FDF /* PhotoView.swift */ = {isa = PBXFileReference; lastKnownFileType = sourcecode.swift; path = PhotoView.swift; sourceTree = "<group>"; };
		A1B3172A21D0508200311756 /* ImageSelectionViewController.swift */ = {isa = PBXFileReference; lastKnownFileType = sourcecode.swift; path = ImageSelectionViewController.swift; sourceTree = "<group>"; };
		A1B3172C21D05C0500311756 /* ScaleTransitioningDelegate.swift */ = {isa = PBXFileReference; lastKnownFileType = sourcecode.swift; path = ScaleTransitioningDelegate.swift; sourceTree = "<group>"; };
		A1CF4B9021B86ADF00215CE0 /* OverviewCollectionViewController.swift */ = {isa = PBXFileReference; lastKnownFileType = sourcecode.swift; path = OverviewCollectionViewController.swift; sourceTree = "<group>"; };
		A1CF4B9221B871B100215CE0 /* CategoryCollectionViewCell.swift */ = {isa = PBXFileReference; lastKnownFileType = sourcecode.swift; path = CategoryCollectionViewCell.swift; sourceTree = "<group>"; };
		A1F77E0E21D211B600E1BB6A /* SendCardViewController.swift */ = {isa = PBXFileReference; lastKnownFileType = sourcecode.swift; path = SendCardViewController.swift; sourceTree = "<group>"; };
/* End PBXFileReference section */

/* Begin PBXFrameworksBuildPhase section */
		A149B9A621AFA201009C23E9 /* Frameworks */ = {
			isa = PBXFrameworksBuildPhase;
			buildActionMask = 2147483647;
			files = (
			);
			runOnlyForDeploymentPostprocessing = 0;
		};
/* End PBXFrameworksBuildPhase section */

/* Begin PBXGroup section */
		A149B9A021AFA201009C23E9 = {
			isa = PBXGroup;
			children = (
				A149B9AB21AFA202009C23E9 /* Cardie */,
				A149B9AA21AFA202009C23E9 /* Products */,
			);
			sourceTree = "<group>";
		};
		A149B9AA21AFA202009C23E9 /* Products */ = {
			isa = PBXGroup;
			children = (
				A149B9A921AFA202009C23E9 /* Cardie.app */,
			);
			name = Products;
			sourceTree = "<group>";
		};
		A149B9AB21AFA202009C23E9 /* Cardie */ = {
			isa = PBXGroup;
			children = (
				A149B9C721AFA459009C23E9 /* Model */,
				A149B9C021AFA42B009C23E9 /* Data */,
				A149B9AC21AFA202009C23E9 /* AppDelegate.swift */,
				A1CF4B9221B871B100215CE0 /* CategoryCollectionViewCell.swift */,
				A1B3172C21D05C0500311756 /* ScaleTransitioningDelegate.swift */,
				A1F77E1021D211EA00E1BB6A /* ViewControllers */,
				A1F77E1121D2929700E1BB6A /* PhotoView */,
				A149B9B021AFA202009C23E9 /* Main.storyboard */,
				A149B9B321AFA20E009C23E9 /* Assets.xcassets */,
				A149B9B521AFA20E009C23E9 /* LaunchScreen.storyboard */,
				A149B9B821AFA20E009C23E9 /* Info.plist */,
			);
			path = Cardie;
			sourceTree = "<group>";
		};
		A149B9C021AFA42B009C23E9 /* Data */ = {
			isa = PBXGroup;
			children = (
				A149B9C121AFA42B009C23E9 /* Images.plist */,
				A149B9C221AFA42B009C23E9 /* Quotes.plist */,
				A149B9C321AFA42B009C23E9 /* Categories.plist */,
			);
			path = Data;
			sourceTree = "<group>";
		};
		A149B9C721AFA459009C23E9 /* Model */ = {
			isa = PBXGroup;
			children = (
				A149B9C821AFA459009C23E9 /* Image.swift */,
				A149B9C921AFA459009C23E9 /* Quote.swift */,
				A149B9CA21AFA459009C23E9 /* Category.swift */,
				A149B9CB21AFA459009C23E9 /* DataRequest.swift */,
			);
			path = Model;
			sourceTree = "<group>";
		};
		A1F77E1021D211EA00E1BB6A /* ViewControllers */ = {
			isa = PBXGroup;
			children = (
				A1CF4B9021B86ADF00215CE0 /* OverviewCollectionViewController.swift */,
				A1B3172A21D0508200311756 /* ImageSelectionViewController.swift */,
				A1F77E0E21D211B600E1BB6A /* SendCardViewController.swift */,
			);
			path = ViewControllers;
			sourceTree = "<group>";
		};
		A1F77E1121D2929700E1BB6A /* PhotoView */ = {
			isa = PBXGroup;
			children = (
				A1AD151521D17DCF00BD1FDF /* PhotoView.xib */,
				A1AD151721D1905900BD1FDF /* PhotoView.swift */,
			);
			path = PhotoView;
			sourceTree = "<group>";
		};
/* End PBXGroup section */

/* Begin PBXNativeTarget section */
		A149B9A821AFA201009C23E9 /* Cardie */ = {
			isa = PBXNativeTarget;
			buildConfigurationList = A149B9BB21AFA20E009C23E9 /* Build configuration list for PBXNativeTarget "Cardie" */;
			buildPhases = (
				A149B9A521AFA201009C23E9 /* Sources */,
				A149B9A621AFA201009C23E9 /* Frameworks */,
				A149B9A721AFA201009C23E9 /* Resources */,
			);
			buildRules = (
			);
			dependencies = (
			);
			name = Cardie;
			productName = Cardie;
			productReference = A149B9A921AFA202009C23E9 /* Cardie.app */;
			productType = "com.apple.product-type.application";
		};
/* End PBXNativeTarget section */

/* Begin PBXProject section */
		A149B9A121AFA201009C23E9 /* Project object */ = {
			isa = PBXProject;
			attributes = {
				LastSwiftUpdateCheck = 1010;
				LastUpgradeCheck = 1010;
				ORGANIZATIONNAME = Flyhightech.LLC;
				TargetAttributes = {
					A149B9A821AFA201009C23E9 = {
						CreatedOnToolsVersion = 10.1;
					};
				};
			};
			buildConfigurationList = A149B9A421AFA201009C23E9 /* Build configuration list for PBXProject "Cardie" */;
			compatibilityVersion = "Xcode 9.3";
			developmentRegion = en;
			hasScannedForEncodings = 0;
			knownRegions = (
				en,
				Base,
			);
			mainGroup = A149B9A021AFA201009C23E9;
			productRefGroup = A149B9AA21AFA202009C23E9 /* Products */;
			projectDirPath = "";
			projectRoot = "";
			targets = (
				A149B9A821AFA201009C23E9 /* Cardie */,
			);
		};
/* End PBXProject section */

/* Begin PBXResourcesBuildPhase section */
		A149B9A721AFA201009C23E9 /* Resources */ = {
			isa = PBXResourcesBuildPhase;
			buildActionMask = 2147483647;
			files = (
				A1AD151621D17DCF00BD1FDF /* PhotoView.xib in Resources */,
				A149B9B721AFA20E009C23E9 /* LaunchScreen.storyboard in Resources */,
				A149B9C521AFA42B009C23E9 /* Quotes.plist in Resources */,
				A149B9C621AFA42B009C23E9 /* Categories.plist in Resources */,
				A149B9B421AFA20E009C23E9 /* Assets.xcassets in Resources */,
				A149B9C421AFA42B009C23E9 /* Images.plist in Resources */,
				A149B9B221AFA202009C23E9 /* Main.storyboard in Resources */,
			);
			runOnlyForDeploymentPostprocessing = 0;
		};
/* End PBXResourcesBuildPhase section */

/* Begin PBXSourcesBuildPhase section */
		A149B9A521AFA201009C23E9 /* Sources */ = {
			isa = PBXSourcesBuildPhase;
			buildActionMask = 2147483647;
			files = (
				A149B9CD21AFA45A009C23E9 /* Quote.swift in Sources */,
				A1B3172B21D0508200311756 /* ImageSelectionViewController.swift in Sources */,
				A149B9CE21AFA45A009C23E9 /* Category.swift in Sources */,
				A1AD151821D1905900BD1FDF /* PhotoView.swift in Sources */,
				A1F77E0F21D211B600E1BB6A /* SendCardViewController.swift in Sources */,
				A149B9CF21AFA45A009C23E9 /* DataRequest.swift in Sources */,
				A1B3172D21D05C0500311756 /* ScaleTransitioningDelegate.swift in Sources */,
				A1CF4B9121B86ADF00215CE0 /* OverviewCollectionViewController.swift in Sources */,
				A149B9CC21AFA45A009C23E9 /* Image.swift in Sources */,
				A1CF4B9321B871B200215CE0 /* CategoryCollectionViewCell.swift in Sources */,
				A149B9AD21AFA202009C23E9 /* AppDelegate.swift in Sources */,
			);
			runOnlyForDeploymentPostprocessing = 0;
		};
/* End PBXSourcesBuildPhase section */

/* Begin PBXVariantGroup section */
		A149B9B021AFA202009C23E9 /* Main.storyboard */ = {
			isa = PBXVariantGroup;
			children = (
				A149B9B121AFA202009C23E9 /* Base */,
			);
			name = Main.storyboard;
			sourceTree = "<group>";
		};
		A149B9B521AFA20E009C23E9 /* LaunchScreen.storyboard */ = {
			isa = PBXVariantGroup;
			children = (
				A149B9B621AFA20E009C23E9 /* Base */,
			);
			name = LaunchScreen.storyboard;
			sourceTree = "<group>";
		};
/* End PBXVariantGroup section */

/* Begin XCBuildConfiguration section */
		A149B9B921AFA20E009C23E9 /* Debug */ = {
			isa = XCBuildConfiguration;
			buildSettings = {
				ALWAYS_SEARCH_USER_PATHS = NO;
				CLANG_ANALYZER_NONNULL = YES;
				CLANG_ANALYZER_NUMBER_OBJECT_CONVERSION = YES_AGGRESSIVE;
				CLANG_CXX_LANGUAGE_STANDARD = "gnu++14";
				CLANG_CXX_LIBRARY = "libc++";
				CLANG_ENABLE_MODULES = YES;
				CLANG_ENABLE_OBJC_ARC = YES;
				CLANG_ENABLE_OBJC_WEAK = YES;
				CLANG_WARN_BLOCK_CAPTURE_AUTORELEASING = YES;
				CLANG_WARN_BOOL_CONVERSION = YES;
				CLANG_WARN_COMMA = YES;
				CLANG_WARN_CONSTANT_CONVERSION = YES;
				CLANG_WARN_DEPRECATED_OBJC_IMPLEMENTATIONS = YES;
				CLANG_WARN_DIRECT_OBJC_ISA_USAGE = YES_ERROR;
				CLANG_WARN_DOCUMENTATION_COMMENTS = YES;
				CLANG_WARN_EMPTY_BODY = YES;
				CLANG_WARN_ENUM_CONVERSION = YES;
				CLANG_WARN_INFINITE_RECURSION = YES;
				CLANG_WARN_INT_CONVERSION = YES;
				CLANG_WARN_NON_LITERAL_NULL_CONVERSION = YES;
				CLANG_WARN_OBJC_IMPLICIT_RETAIN_SELF = YES;
				CLANG_WARN_OBJC_LITERAL_CONVERSION = YES;
				CLANG_WARN_OBJC_ROOT_CLASS = YES_ERROR;
				CLANG_WARN_RANGE_LOOP_ANALYSIS = YES;
				CLANG_WARN_STRICT_PROTOTYPES = YES;
				CLANG_WARN_SUSPICIOUS_MOVE = YES;
				CLANG_WARN_UNGUARDED_AVAILABILITY = YES_AGGRESSIVE;
				CLANG_WARN_UNREACHABLE_CODE = YES;
				CLANG_WARN__DUPLICATE_METHOD_MATCH = YES;
				CODE_SIGN_IDENTITY = "iPhone Developer";
				COPY_PHASE_STRIP = NO;
				DEBUG_INFORMATION_FORMAT = dwarf;
				ENABLE_STRICT_OBJC_MSGSEND = YES;
				ENABLE_TESTABILITY = YES;
				GCC_C_LANGUAGE_STANDARD = gnu11;
				GCC_DYNAMIC_NO_PIC = NO;
				GCC_NO_COMMON_BLOCKS = YES;
				GCC_OPTIMIZATION_LEVEL = 0;
				GCC_PREPROCESSOR_DEFINITIONS = (
					"DEBUG=1",
					"$(inherited)",
				);
				GCC_WARN_64_TO_32_BIT_CONVERSION = YES;
				GCC_WARN_ABOUT_RETURN_TYPE = YES_ERROR;
				GCC_WARN_UNDECLARED_SELECTOR = YES;
				GCC_WARN_UNINITIALIZED_AUTOS = YES_AGGRESSIVE;
				GCC_WARN_UNUSED_FUNCTION = YES;
				GCC_WARN_UNUSED_VARIABLE = YES;
				IPHONEOS_DEPLOYMENT_TARGET = 12.1;
				MTL_ENABLE_DEBUG_INFO = INCLUDE_SOURCE;
				MTL_FAST_MATH = YES;
				ONLY_ACTIVE_ARCH = YES;
				SDKROOT = iphoneos;
				SWIFT_ACTIVE_COMPILATION_CONDITIONS = DEBUG;
				SWIFT_OPTIMIZATION_LEVEL = "-Onone";
			};
			name = Debug;
		};
		A149B9BA21AFA20E009C23E9 /* Release */ = {
			isa = XCBuildConfiguration;
			buildSettings = {
				ALWAYS_SEARCH_USER_PATHS = NO;
				CLANG_ANALYZER_NONNULL = YES;
				CLANG_ANALYZER_NUMBER_OBJECT_CONVERSION = YES_AGGRESSIVE;
				CLANG_CXX_LANGUAGE_STANDARD = "gnu++14";
				CLANG_CXX_LIBRARY = "libc++";
				CLANG_ENABLE_MODULES = YES;
				CLANG_ENABLE_OBJC_ARC = YES;
				CLANG_ENABLE_OBJC_WEAK = YES;
				CLANG_WARN_BLOCK_CAPTURE_AUTORELEASING = YES;
				CLANG_WARN_BOOL_CONVERSION = YES;
				CLANG_WARN_COMMA = YES;
				CLANG_WARN_CONSTANT_CONVERSION = YES;
				CLANG_WARN_DEPRECATED_OBJC_IMPLEMENTATIONS = YES;
				CLANG_WARN_DIRECT_OBJC_ISA_USAGE = YES_ERROR;
				CLANG_WARN_DOCUMENTATION_COMMENTS = YES;
				CLANG_WARN_EMPTY_BODY = YES;
				CLANG_WARN_ENUM_CONVERSION = YES;
				CLANG_WARN_INFINITE_RECURSION = YES;
				CLANG_WARN_INT_CONVERSION = YES;
				CLANG_WARN_NON_LITERAL_NULL_CONVERSION = YES;
				CLANG_WARN_OBJC_IMPLICIT_RETAIN_SELF = YES;
				CLANG_WARN_OBJC_LITERAL_CONVERSION = YES;
				CLANG_WARN_OBJC_ROOT_CLASS = YES_ERROR;
				CLANG_WARN_RANGE_LOOP_ANALYSIS = YES;
				CLANG_WARN_STRICT_PROTOTYPES = YES;
				CLANG_WARN_SUSPICIOUS_MOVE = YES;
				CLANG_WARN_UNGUARDED_AVAILABILITY = YES_AGGRESSIVE;
				CLANG_WARN_UNREACHABLE_CODE = YES;
				CLANG_WARN__DUPLICATE_METHOD_MATCH = YES;
				CODE_SIGN_IDENTITY = "iPhone Developer";
				COPY_PHASE_STRIP = NO;
				DEBUG_INFORMATION_FORMAT = "dwarf-with-dsym";
				ENABLE_NS_ASSERTIONS = NO;
				ENABLE_STRICT_OBJC_MSGSEND = YES;
				GCC_C_LANGUAGE_STANDARD = gnu11;
				GCC_NO_COMMON_BLOCKS = YES;
				GCC_WARN_64_TO_32_BIT_CONVERSION = YES;
				GCC_WARN_ABOUT_RETURN_TYPE = YES_ERROR;
				GCC_WARN_UNDECLARED_SELECTOR = YES;
				GCC_WARN_UNINITIALIZED_AUTOS = YES_AGGRESSIVE;
				GCC_WARN_UNUSED_FUNCTION = YES;
				GCC_WARN_UNUSED_VARIABLE = YES;
				IPHONEOS_DEPLOYMENT_TARGET = 12.1;
				MTL_ENABLE_DEBUG_INFO = NO;
				MTL_FAST_MATH = YES;
				SDKROOT = iphoneos;
				SWIFT_COMPILATION_MODE = wholemodule;
				SWIFT_OPTIMIZATION_LEVEL = "-O";
				VALIDATE_PRODUCT = YES;
			};
			name = Release;
		};
		A149B9BC21AFA20E009C23E9 /* Debug */ = {
			isa = XCBuildConfiguration;
			buildSettings = {
				ASSETCATALOG_COMPILER_APPICON_NAME = AppIcon;
				CODE_SIGN_STYLE = Automatic;
				DEVELOPMENT_TEAM = 44XL6DX4WB;
				INFOPLIST_FILE = Cardie/Info.plist;
				LD_RUNPATH_SEARCH_PATHS = (
					"$(inherited)",
					"@executable_path/Frameworks",
				);
				PRODUCT_BUNDLE_IDENTIFIER = net.flyhightech.Cardie;
				PRODUCT_NAME = "$(TARGET_NAME)";
				SWIFT_VERSION = 4.2;
				TARGETED_DEVICE_FAMILY = "1,2";
			};
			name = Debug;
		};
		A149B9BD21AFA20E009C23E9 /* Release */ = {
			isa = XCBuildConfiguration;
			buildSettings = {
				ASSETCATALOG_COMPILER_APPICON_NAME = AppIcon;
				CODE_SIGN_STYLE = Automatic;
				DEVELOPMENT_TEAM = 44XL6DX4WB;
				INFOPLIST_FILE = Cardie/Info.plist;
				LD_RUNPATH_SEARCH_PATHS = (
					"$(inherited)",
					"@executable_path/Frameworks",
				);
				PRODUCT_BUNDLE_IDENTIFIER = net.flyhightech.Cardie;
				PRODUCT_NAME = "$(TARGET_NAME)";
				SWIFT_VERSION = 4.2;
				TARGETED_DEVICE_FAMILY = "1,2";
			};
			name = Release;
		};
/* End XCBuildConfiguration section */

/* Begin XCConfigurationList section */
		A149B9A421AFA201009C23E9 /* Build configuration list for PBXProject "Cardie" */ = {
			isa = XCConfigurationList;
			buildConfigurations = (
				A149B9B921AFA20E009C23E9 /* Debug */,
				A149B9BA21AFA20E009C23E9 /* Release */,
			);
			defaultConfigurationIsVisible = 0;
			defaultConfigurationName = Release;
		};
		A149B9BB21AFA20E009C23E9 /* Build configuration list for PBXNativeTarget "Cardie" */ = {
			isa = XCConfigurationList;
			buildConfigurations = (
				A149B9BC21AFA20E009C23E9 /* Debug */,
				A149B9BD21AFA20E009C23E9 /* Release */,
			);
			defaultConfigurationIsVisible = 0;
			defaultConfigurationName = Release;
		};
/* End XCConfigurationList section */
	};
	rootObject = A149B9A121AFA201009C23E9 /* Project object */;
}
